# This file is automatically @generated by Poetry 1.8.5 and should not be changed by hand.

[[package]]
name = "colorama"
version = "0.4.6"
description = "Cross-platform colored terminal text."
optional = false
python-versions = "!=3.0.*,!=3.1.*,!=3.2.*,!=3.3.*,!=3.4.*,!=3.5.*,!=3.6.*,>=2.7"
files = [
    {file = "colorama-0.4.6-py2.py3-none-any.whl", hash = "sha256:4f1d9991f5acc0ca119f9d443620b77f9d6b33703e51011c16baf57afb285fc6"},
    {file = "colorama-0.4.6.tar.gz", hash = "sha256:08695f5cb7ed6e0531a20572697297273c47b8cae5a63ffc6d6ed5c201be6e44"},
]

[[package]]
name = "cython"
version = "3.1.0a1"
description = "The Cython compiler for writing C extensions in the Python language."
optional = false
python-versions = ">=3.8"
files = [
    {file = "Cython-3.1.0a1-cp310-cp310-macosx_10_9_x86_64.whl", hash = "sha256:c1e4c2147dc6008aa180532f125d5796f868aa94a261ac9f6995e89a6858f62f"},
    {file = "Cython-3.1.0a1-cp310-cp310-macosx_11_0_arm64.whl", hash = "sha256:7c57d1c942169f684ac85903f2482ef31e4ce311ce603252e03faab97c3777d2"},
    {file = "Cython-3.1.0a1-cp310-cp310-manylinux_2_17_aarch64.manylinux2014_aarch64.whl", hash = "sha256:a06d775f9fca3dfdc8ae253621ddf43c74e9b3cc36d738fff0e80a146e881070"},
    {file = "Cython-3.1.0a1-cp310-cp310-manylinux_2_17_x86_64.manylinux2014_x86_64.whl", hash = "sha256:5f4c07447bcec0699ed880dc45c7dfa5a65571c2d66069cae706fe6dada3d84d"},
    {file = "Cython-3.1.0a1-cp310-cp310-manylinux_2_5_i686.manylinux1_i686.manylinux_2_17_i686.manylinux2014_i686.whl", hash = "sha256:83a7a54df19007395e40a3555fb4ac8658a44c0b6eaea23487e93290ed43f4ae"},
    {file = "Cython-3.1.0a1-cp310-cp310-musllinux_1_2_aarch64.whl", hash = "sha256:a802a9ef5007b1aeb0b69ee10370624de4c4b4878903b28610579fd4a8f2365a"},
    {file = "Cython-3.1.0a1-cp310-cp310-musllinux_1_2_i686.whl", hash = "sha256:e6b7893d73ef568a54eaddb83d2c6b412fe97909d9d557121ed303e0e0aea926"},
    {file = "Cython-3.1.0a1-cp310-cp310-musllinux_1_2_x86_64.whl", hash = "sha256:ddf3e87e3f2c33eba936adcbd8cc1adb6bd9eb1449fa13bac1bb6cdefc1ef2cc"},
    {file = "Cython-3.1.0a1-cp310-cp310-win32.whl", hash = "sha256:48664ab41181579fbe9bda2e83f8ed5ae06a4655f28c6e7d54b66f42ef6b4389"},
    {file = "Cython-3.1.0a1-cp310-cp310-win_amd64.whl", hash = "sha256:8da7d9e03bc11c34d1ad432d72d93961c6cc6ba1801874f6e46fa6bd1e2206c8"},
    {file = "Cython-3.1.0a1-cp311-cp311-macosx_10_9_x86_64.whl", hash = "sha256:e20a4100ad315ef951cfd47516f803da4a2a9466859c93be0036314765bbf1c1"},
    {file = "Cython-3.1.0a1-cp311-cp311-macosx_11_0_arm64.whl", hash = "sha256:aa64ac7ee21afa2ab2f5f5346eed2a044e002af7eac0cabd8c393156c2ad77fd"},
    {file = "Cython-3.1.0a1-cp311-cp311-manylinux_2_17_aarch64.manylinux2014_aarch64.whl", hash = "sha256:41723163bafe249afa01b0e7b9c1636101d9fa2bdd3c69caff7c4a598a63f325"},
    {file = "Cython-3.1.0a1-cp311-cp311-manylinux_2_17_x86_64.manylinux2014_x86_64.whl", hash = "sha256:e02fbcff942ad944208b19c338bd8957462a4b0b11b16bf8c9499372292a4ff3"},
    {file = "Cython-3.1.0a1-cp311-cp311-manylinux_2_5_i686.manylinux1_i686.manylinux_2_17_i686.manylinux2014_i686.whl", hash = "sha256:18f6a4fdd8c17c86b89477af88a09e0e7f30601d5f78687cad4ee4d0bdaf463f"},
    {file = "Cython-3.1.0a1-cp311-cp311-musllinux_1_2_aarch64.whl", hash = "sha256:b6029bef4bfd55d1b4951eaaaff64a1853edbe888d07717574f9c8de4967e7f0"},
    {file = "Cython-3.1.0a1-cp311-cp311-musllinux_1_2_i686.whl", hash = "sha256:249ab22172379eda8bd18ab608eec6b4f19e873cffae17b4e75388cf9e9d5d55"},
    {file = "Cython-3.1.0a1-cp311-cp311-musllinux_1_2_x86_64.whl", hash = "sha256:e5c6b85f16de1d4291ed6fbf5e8f4f2ab225fe1a2acc23bd9621f5629313188c"},
    {file = "Cython-3.1.0a1-cp311-cp311-win32.whl", hash = "sha256:0f1b8c3369cd03af3598a619addd1d4e14def0e9663fd245c4dffd56a3268e8a"},
    {file = "Cython-3.1.0a1-cp311-cp311-win_amd64.whl", hash = "sha256:1cc0ef4b95cfa47a7997b28a29a5edc028eaf085b40b9733df4c80ab2eaa98a7"},
    {file = "Cython-3.1.0a1-cp312-cp312-macosx_10_13_x86_64.whl", hash = "sha256:ae39d5433b5ce8f20488d8f15564bf9dbe60485d289f8414ead22e4ff12300e5"},
    {file = "Cython-3.1.0a1-cp312-cp312-macosx_11_0_arm64.whl", hash = "sha256:1ba885c752b90b95a2ee1cb2f11d7c3d8b8f8a050ce92d26424fe364169027da"},
    {file = "Cython-3.1.0a1-cp312-cp312-manylinux_2_17_aarch64.manylinux2014_aarch64.whl", hash = "sha256:283ebc232a1c40094289d63948cbfdaa68e1ad6063e85df09723ddfa42b2c1b5"},
    {file = "Cython-3.1.0a1-cp312-cp312-manylinux_2_17_x86_64.manylinux2014_x86_64.whl", hash = "sha256:e963b832ac2bbdf2339f702fda01bfd7b58b6dc63d016166e433856723781582"},
    {file = "Cython-3.1.0a1-cp312-cp312-manylinux_2_5_i686.manylinux1_i686.manylinux_2_17_i686.manylinux2014_i686.whl", hash = "sha256:143608ede2f174ab2a5ca38f9176e25de78f1ea190f7f1ebd69c8723b194d49c"},
    {file = "Cython-3.1.0a1-cp312-cp312-musllinux_1_2_aarch64.whl", hash = "sha256:4fe45159862b938d880f870330e859ca558760e682eb823f5bc4f899aa2b9341"},
    {file = "Cython-3.1.0a1-cp312-cp312-musllinux_1_2_i686.whl", hash = "sha256:90fe12ad2df8b771a4c6331c201bb270c111a5c05996a39507d867baaab30d6f"},
    {file = "Cython-3.1.0a1-cp312-cp312-musllinux_1_2_x86_64.whl", hash = "sha256:4db8376cbc593fb098ae5bad630f49ffcd8bc316f15e88140c75aaf783ca1711"},
    {file = "Cython-3.1.0a1-cp312-cp312-win32.whl", hash = "sha256:8d1ba35229437d52e97a8528664a110be2459a0c5c92d0a90742e20f72efd710"},
    {file = "Cython-3.1.0a1-cp312-cp312-win_amd64.whl", hash = "sha256:9b7772e89992089343c2c8d3c87805a6e9b9596b27c11d128f72deeac6fc1d18"},
    {file = "Cython-3.1.0a1-cp313-cp313-macosx_10_13_x86_64.whl", hash = "sha256:fd1bce08aba8a877fb80e06f76cb538b6052df41dc6e0a51cc06e77dd31b5066"},
    {file = "Cython-3.1.0a1-cp313-cp313-macosx_11_0_arm64.whl", hash = "sha256:1a047a0c7d97aa490ef5578084b31c5daeedb4b09d6702012d438c740636adb1"},
    {file = "Cython-3.1.0a1-cp313-cp313-manylinux_2_17_aarch64.manylinux2014_aarch64.whl", hash = "sha256:2215af12740658246f6c82d77dd8ce2c5f761274d797349c5715cac1b37f667a"},
    {file = "Cython-3.1.0a1-cp313-cp313-manylinux_2_17_x86_64.manylinux2014_x86_64.whl", hash = "sha256:866633cc97dbe8502b22e306293f696dcfc31c062431301d16de82faf4cb7ade"},
    {file = "Cython-3.1.0a1-cp313-cp313-manylinux_2_5_i686.manylinux1_i686.manylinux_2_17_i686.manylinux2014_i686.whl", hash = "sha256:bc00b33a762c609925063f367b2560bdc4e674621c84e7274922b5e1007863d0"},
    {file = "Cython-3.1.0a1-cp313-cp313-musllinux_1_2_aarch64.whl", hash = "sha256:3e987fde4bf7067c96a5735a61ca88e62d7e40fbda36d3aeeb90950df42142f8"},
    {file = "Cython-3.1.0a1-cp313-cp313-musllinux_1_2_i686.whl", hash = "sha256:3ed286f0f946227ec6f154b27a899bd120ff57008f43bdcb4e33eb46e89b3864"},
    {file = "Cython-3.1.0a1-cp313-cp313-musllinux_1_2_x86_64.whl", hash = "sha256:ac278d0e516aec36fa44a9ac88a35dd5f80fb8e5ab7a80e4a561a530d0d80975"},
    {file = "Cython-3.1.0a1-cp313-cp313-win32.whl", hash = "sha256:8f7abe5a81712c65b4c85e027980d60d8704357074ed463c69a9022ab707147d"},
    {file = "Cython-3.1.0a1-cp313-cp313-win_amd64.whl", hash = "sha256:1b0832576e717b91e6f82b1367f2d9b5e0da5d65ff6c1a5399574b93226d33a5"},
    {file = "Cython-3.1.0a1-cp38-cp38-macosx_10_9_x86_64.whl", hash = "sha256:ac62d020f0b6d693c64470d785b7b0864e014d7c1605b2889930258e2205173c"},
    {file = "Cython-3.1.0a1-cp38-cp38-macosx_11_0_arm64.whl", hash = "sha256:f87036abdb83ed213e297f78d47f91d37f2fd91202498d0ee9c566617970ee67"},
    {file = "Cython-3.1.0a1-cp38-cp38-manylinux_2_17_aarch64.manylinux2014_aarch64.whl", hash = "sha256:68a63e03395a11817f1cfe6120b1c672dcdc13dcb27a62cbb5cdc2aade272e1e"},
    {file = "Cython-3.1.0a1-cp38-cp38-manylinux_2_17_x86_64.manylinux2014_x86_64.whl", hash = "sha256:c19b7e8b88d9a1480e5380ba48f6dbb4a2b7295afdfb518ccf44a3b917f798b1"},
    {file = "Cython-3.1.0a1-cp38-cp38-manylinux_2_5_i686.manylinux1_i686.manylinux_2_17_i686.manylinux2014_i686.whl", hash = "sha256:7fa1d0442e1c97ae43d14f40949650b42f1275262e3071c709dca9c96946f714"},
    {file = "Cython-3.1.0a1-cp38-cp38-musllinux_1_2_aarch64.whl", hash = "sha256:92bccb6d9eda46705cb74d54232ef0aa575b5677638b895ddfc877c1da6f7cb0"},
    {file = "Cython-3.1.0a1-cp38-cp38-musllinux_1_2_i686.whl", hash = "sha256:2afa2becf3c323976dbafd934ceb60f0cc3eb561ca297529b53b001ac66f7dc1"},
    {file = "Cython-3.1.0a1-cp38-cp38-musllinux_1_2_x86_64.whl", hash = "sha256:92ef6cc5b573335603fcbb5c460c50b7cc26f129ad7646a47c5f7a1fb45ae1e3"},
    {file = "Cython-3.1.0a1-cp38-cp38-win32.whl", hash = "sha256:ea5dbbfc67729d3d0659e445ef61ec2c74c93e8be4af2f84ef0587f92797e71e"},
    {file = "Cython-3.1.0a1-cp38-cp38-win_amd64.whl", hash = "sha256:424ae6f5f7c335fe5eab41dbca905ef7096525545bfccb3cf1d8ae8888f80a4d"},
    {file = "Cython-3.1.0a1-cp39-cp39-macosx_10_9_x86_64.whl", hash = "sha256:d80ddea49b5739309bc4f452a737adae747fb572b96c6e868fb2db759f3e1495"},
    {file = "Cython-3.1.0a1-cp39-cp39-macosx_11_0_arm64.whl", hash = "sha256:f157c125fc5fc0124da6570534d2fca5dd6d90af9ac38640b2f4ed054112cea8"},
    {file = "Cython-3.1.0a1-cp39-cp39-manylinux_2_17_aarch64.manylinux2014_aarch64.whl", hash = "sha256:e0b6867dbf9ab2df1f0c7140e95e09c958b34abaf126c82082ca8412c001d94f"},
    {file = "Cython-3.1.0a1-cp39-cp39-manylinux_2_17_x86_64.manylinux2014_x86_64.whl", hash = "sha256:1bc263cf1d07d881f3375466e9235162c9a02e8e9337f9308224060c2702ac51"},
    {file = "Cython-3.1.0a1-cp39-cp39-manylinux_2_5_i686.manylinux1_i686.manylinux_2_17_i686.manylinux2014_i686.whl", hash = "sha256:8a84d6aab9eabb9a69a13a3c95bbb0abcfe10c08e1ef6792acfa71ea728195e6"},
    {file = "Cython-3.1.0a1-cp39-cp39-musllinux_1_2_aarch64.whl", hash = "sha256:97c751542e9d4baad221c7c30565617f9f89a1380bc4fb05821c5d74c75ceaf5"},
    {file = "Cython-3.1.0a1-cp39-cp39-musllinux_1_2_i686.whl", hash = "sha256:0da801866172ac094c3969315b5a8f3c0d969b164d21545bd16161dc87f4b8a3"},
    {file = "Cython-3.1.0a1-cp39-cp39-musllinux_1_2_x86_64.whl", hash = "sha256:01c0fa03bd518db2d21424e74ac07e1049d50eed820881450495e58dfbae69be"},
    {file = "Cython-3.1.0a1-cp39-cp39-win32.whl", hash = "sha256:2b03a353b253e7b733b4b4899a17155d5f7d10540830f8b822c03d00c4fb3511"},
    {file = "Cython-3.1.0a1-cp39-cp39-win_amd64.whl", hash = "sha256:ec847ff17395c4c05086bb400737c191f3244999a75ddce0077b84e58fc15a14"},
    {file = "Cython-3.1.0a1-py3-none-any.whl", hash = "sha256:c1ac7004561ff28b6fd5d949355d888405b790322e7af8f638592498dd25022b"},
    {file = "cython-3.1.0a1.tar.gz", hash = "sha256:35b53f6947c3133452b84f0f9703f222deb9b02874861427a45e63c891379440"},
]

[[package]]
name = "exceptiongroup"
version = "1.2.2"
description = "Backport of PEP 654 (exception groups)"
optional = false
python-versions = ">=3.7"
files = [
    {file = "exceptiongroup-1.2.2-py3-none-any.whl", hash = "sha256:3111b9d131c238bec2f8f516e123e14ba243563fb135d3fe885990585aa7795b"},
    {file = "exceptiongroup-1.2.2.tar.gz", hash = "sha256:47c2edf7c6738fafb49fd34290706d1a1a2f4d1c6df275526b62cbb4aa5393cc"},
]

[package.extras]
test = ["pytest (>=6)"]

[[package]]
name = "iniconfig"
version = "2.0.0"
description = "brain-dead simple config-ini parsing"
optional = false
python-versions = ">=3.7"
files = [
    {file = "iniconfig-2.0.0-py3-none-any.whl", hash = "sha256:b6a85871a79d2e3b22d2d1b94ac2824226a63c6b741c88f7ae975f18b6778374"},
    {file = "iniconfig-2.0.0.tar.gz", hash = "sha256:2d91e135bf72d31a410b17c16da610a82cb55f6b0477d1a902134b24a455b8b3"},
]

[[package]]
name = "packaging"
version = "24.2"
description = "Core utilities for Python packages"
optional = false
python-versions = ">=3.8"
files = [
    {file = "packaging-24.2-py3-none-any.whl", hash = "sha256:09abb1bccd265c01f4a3aa3f7a7db064b36514d2cba19a2f694fe6150451a759"},
    {file = "packaging-24.2.tar.gz", hash = "sha256:c228a6dc5e932d346bc5739379109d49e8853dd8223571c7c5b55260edc0b97f"},
]

[[package]]
name = "pluggy"
version = "1.5.0"
description = "plugin and hook calling mechanisms for python"
optional = false
python-versions = ">=3.8"
files = [
    {file = "pluggy-1.5.0-py3-none-any.whl", hash = "sha256:44e1ad92c8ca002de6377e165f3e0f1be63266ab4d554740532335b9d75ea669"},
    {file = "pluggy-1.5.0.tar.gz", hash = "sha256:2cffa88e94fdc978c4c574f15f9e59b7f4201d439195c3715ca9e2486f1d0cf1"},
]

[package.extras]
dev = ["pre-commit", "tox"]
testing = ["pytest", "pytest-benchmark"]

[[package]]
name = "pytest"
version = "7.4.4"
description = "pytest: simple powerful testing with Python"
optional = false
python-versions = ">=3.7"
files = [
    {file = "pytest-7.4.4-py3-none-any.whl", hash = "sha256:b090cdf5ed60bf4c45261be03239c2c1c22df034fbffe691abe93cd80cea01d8"},
    {file = "pytest-7.4.4.tar.gz", hash = "sha256:2cf0005922c6ace4a3e2ec8b4080eb0d9753fdc93107415332f50ce9e7994280"},
]

[package.dependencies]
colorama = {version = "*", markers = "sys_platform == \"win32\""}
exceptiongroup = {version = ">=1.0.0rc8", markers = "python_version < \"3.11\""}
iniconfig = "*"
packaging = "*"
pluggy = ">=0.12,<2.0"
tomli = {version = ">=1.0.0", markers = "python_version < \"3.11\""}

[package.extras]
testing = ["argcomplete", "attrs (>=19.2.0)", "hypothesis (>=3.56)", "mock", "nose", "pygments (>=2.7.2)", "requests", "setuptools", "xmlschema"]

[[package]]
name = "tomli"
version = "2.2.1"
description = "A lil' TOML parser"
optional = false
python-versions = ">=3.8"
files = [
    {file = "tomli-2.2.1-cp311-cp311-macosx_10_9_x86_64.whl", hash = "sha256:678e4fa69e4575eb77d103de3df8a895e1591b48e740211bd1067378c69e8249"},
    {file = "tomli-2.2.1-cp311-cp311-macosx_11_0_arm64.whl", hash = "sha256:023aa114dd824ade0100497eb2318602af309e5a55595f76b626d6d9f3b7b0a6"},
    {file = "tomli-2.2.1-cp311-cp311-manylinux_2_17_aarch64.manylinux2014_aarch64.whl", hash = "sha256:ece47d672db52ac607a3d9599a9d48dcb2f2f735c6c2d1f34130085bb12b112a"},
    {file = "tomli-2.2.1-cp311-cp311-manylinux_2_17_x86_64.manylinux2014_x86_64.whl", hash = "sha256:6972ca9c9cc9f0acaa56a8ca1ff51e7af152a9f87fb64623e31d5c83700080ee"},
    {file = "tomli-2.2.1-cp311-cp311-manylinux_2_5_i686.manylinux1_i686.manylinux_2_17_i686.manylinux2014_i686.whl", hash = "sha256:c954d2250168d28797dd4e3ac5cf812a406cd5a92674ee4c8f123c889786aa8e"},
    {file = "tomli-2.2.1-cp311-cp311-musllinux_1_2_aarch64.whl", hash = "sha256:8dd28b3e155b80f4d54beb40a441d366adcfe740969820caf156c019fb5c7ec4"},
    {file = "tomli-2.2.1-cp311-cp311-musllinux_1_2_i686.whl", hash = "sha256:e59e304978767a54663af13c07b3d1af22ddee3bb2fb0618ca1593e4f593a106"},
    {file = "tomli-2.2.1-cp311-cp311-musllinux_1_2_x86_64.whl", hash = "sha256:33580bccab0338d00994d7f16f4c4ec25b776af3ffaac1ed74e0b3fc95e885a8"},
    {file = "tomli-2.2.1-cp311-cp311-win32.whl", hash = "sha256:465af0e0875402f1d226519c9904f37254b3045fc5084697cefb9bdde1ff99ff"},
    {file = "tomli-2.2.1-cp311-cp311-win_amd64.whl", hash = "sha256:2d0f2fdd22b02c6d81637a3c95f8cd77f995846af7414c5c4b8d0545afa1bc4b"},
    {file = "tomli-2.2.1-cp312-cp312-macosx_10_13_x86_64.whl", hash = "sha256:4a8f6e44de52d5e6c657c9fe83b562f5f4256d8ebbfe4ff922c495620a7f6cea"},
    {file = "tomli-2.2.1-cp312-cp312-macosx_11_0_arm64.whl", hash = "sha256:8d57ca8095a641b8237d5b079147646153d22552f1c637fd3ba7f4b0b29167a8"},
    {file = "tomli-2.2.1-cp312-cp312-manylinux_2_17_aarch64.manylinux2014_aarch64.whl", hash = "sha256:4e340144ad7ae1533cb897d406382b4b6fede8890a03738ff1683af800d54192"},
    {file = "tomli-2.2.1-cp312-cp312-manylinux_2_17_x86_64.manylinux2014_x86_64.whl", hash = "sha256:db2b95f9de79181805df90bedc5a5ab4c165e6ec3fe99f970d0e302f384ad222"},
    {file = "tomli-2.2.1-cp312-cp312-manylinux_2_5_i686.manylinux1_i686.manylinux_2_17_i686.manylinux2014_i686.whl", hash = "sha256:40741994320b232529c802f8bc86da4e1aa9f413db394617b9a256ae0f9a7f77"},
    {file = "tomli-2.2.1-cp312-cp312-musllinux_1_2_aarch64.whl", hash = "sha256:400e720fe168c0f8521520190686ef8ef033fb19fc493da09779e592861b78c6"},
    {file = "tomli-2.2.1-cp312-cp312-musllinux_1_2_i686.whl", hash = "sha256:02abe224de6ae62c19f090f68da4e27b10af2b93213d36cf44e6e1c5abd19fdd"},
    {file = "tomli-2.2.1-cp312-cp312-musllinux_1_2_x86_64.whl", hash = "sha256:b82ebccc8c8a36f2094e969560a1b836758481f3dc360ce9a3277c65f374285e"},
    {file = "tomli-2.2.1-cp312-cp312-win32.whl", hash = "sha256:889f80ef92701b9dbb224e49ec87c645ce5df3fa2cc548664eb8a25e03127a98"},
    {file = "tomli-2.2.1-cp312-cp312-win_amd64.whl", hash = "sha256:7fc04e92e1d624a4a63c76474610238576942d6b8950a2d7f908a340494e67e4"},
    {file = "tomli-2.2.1-cp313-cp313-macosx_10_13_x86_64.whl", hash = "sha256:f4039b9cbc3048b2416cc57ab3bda989a6fcf9b36cf8937f01a6e731b64f80d7"},
    {file = "tomli-2.2.1-cp313-cp313-macosx_11_0_arm64.whl", hash = "sha256:286f0ca2ffeeb5b9bd4fcc8d6c330534323ec51b2f52da063b11c502da16f30c"},
    {file = "tomli-2.2.1-cp313-cp313-manylinux_2_17_aarch64.manylinux2014_aarch64.whl", hash = "sha256:a92ef1a44547e894e2a17d24e7557a5e85a9e1d0048b0b5e7541f76c5032cb13"},
    {file = "tomli-2.2.1-cp313-cp313-manylinux_2_17_x86_64.manylinux2014_x86_64.whl", hash = "sha256:9316dc65bed1684c9a98ee68759ceaed29d229e985297003e494aa825ebb0281"},
    {file = "tomli-2.2.1-cp313-cp313-manylinux_2_5_i686.manylinux1_i686.manylinux_2_17_i686.manylinux2014_i686.whl", hash = "sha256:e85e99945e688e32d5a35c1ff38ed0b3f41f43fad8df0bdf79f72b2ba7bc5272"},
    {file = "tomli-2.2.1-cp313-cp313-musllinux_1_2_aarch64.whl", hash = "sha256:ac065718db92ca818f8d6141b5f66369833d4a80a9d74435a268c52bdfa73140"},
    {file = "tomli-2.2.1-cp313-cp313-musllinux_1_2_i686.whl", hash = "sha256:d920f33822747519673ee656a4b6ac33e382eca9d331c87770faa3eef562aeb2"},
    {file = "tomli-2.2.1-cp313-cp313-musllinux_1_2_x86_64.whl", hash = "sha256:a198f10c4d1b1375d7687bc25294306e551bf1abfa4eace6650070a5c1ae2744"},
    {file = "tomli-2.2.1-cp313-cp313-win32.whl", hash = "sha256:d3f5614314d758649ab2ab3a62d4f2004c825922f9e370b29416484086b264ec"},
    {file = "tomli-2.2.1-cp313-cp313-win_amd64.whl", hash = "sha256:a38aa0308e754b0e3c67e344754dff64999ff9b513e691d0e786265c93583c69"},
    {file = "tomli-2.2.1-py3-none-any.whl", hash = "sha256:cb55c73c5f4408779d0cf3eef9f762b9c9f147a77de7b258bef0a5628adc85cc"},
    {file = "tomli-2.2.1.tar.gz", hash = "sha256:cd45e1dc79c835ce60f7404ec8119f2eb06d38b1deba146f07ced3bbc44505ff"},
]

[metadata]
lock-version = "2.0"
python-versions = ">=3.9,<3.11"
content-hash = "eb17f9435cb3630eb8ce207b030445a59adc66149d1b722f260b74c8777f76dd"
