[[package]]
name = "cython"
version = "3.0.0a9"
description = "The Cython compiler for writing C extensions for the Python language."
category = "main"
optional = false
python-versions = ">=2.7, !=3.0.*, !=3.1.*, !=3.2.*, !=3.3.*"

[metadata]
lock-version = "1.1"
python-versions = ">=3.9,<3.11"
content-hash = "dfcd09560a4fab642e74febd1aa66bc9cd23caad2ae7d57ec191e10fd815a1cc"

[metadata.files]
cython = [
    {file = "Cython-3.0.0a9-cp27-cp27m-macosx_10_9_x86_64.whl", hash = "sha256:48c8adf0006be76afcd30e73d75c4dfd356e97999b2ab79c6301a862a0b3a77b"},
    {file = "Cython-3.0.0a9-cp27-cp27m-manylinux1_i686.whl", hash = "sha256:d8eaa098e2a72085256a3d653be56d649a1124cb41f38011e7c2482f5d940a4c"},
    {file = "Cython-3.0.0a9-cp27-cp27m-manylinux1_x86_64.whl", hash = "sha256:8c4c08af0e3f6223aad6a04e82a73781718e820b1b1f75e4ddf49ade8b006851"},
    {file = "Cython-3.0.0a9-cp27-cp27m-win32.whl", hash = "sha256:4ac45cb2b19c72585803c39ee4ba0f7d890d6519a9a3e9d609dde22523410722"},
    {file = "Cython-3.0.0a9-cp27-cp27m-win_amd64.whl", hash = "sha256:52c22859eac6a35f3995eb595664d898fb35a29c82ed2123ec8e882250d4e490"},
    {file = "Cython-3.0.0a9-cp27-cp27mu-manylinux1_i686.whl", hash = "sha256:aaf3c90fc7bb99810026efc5b8cb72b8ea5eaa1ea703fa83cf7adc61b9a3cea7"},
    {file = "Cython-3.0.0a9-cp27-cp27mu-manylinux1_x86_64.whl", hash = "sha256:e0f21b82eac4904d6881a5e4b9f005b6e2840efae744392b3b44051d19b910f7"},
    {file = "Cython-3.0.0a9-cp34-cp34m-win32.whl", hash = "sha256:971ddc0096ead71b727b5bbe5afdcabe897e188e2a91e4e702f1309d298c067d"},
    {file = "Cython-3.0.0a9-cp34-cp34m-win_amd64.whl", hash = "sha256:36b867cd86f7cd70d8bd5886fe26a610b89c26cfa7a620a7aa547a7709294bfd"},
    {file = "Cython-3.0.0a9-cp35-cp35m-manylinux1_i686.whl", hash = "sha256:0fb13aed57cce88885da12f5544e8d232de289d63c046d05a4ad623580341155"},
    {file = "Cython-3.0.0a9-cp35-cp35m-manylinux1_x86_64.whl", hash = "sha256:56c4e731825af64e807485f375ac11f2230f2577d06b0a74fafd2f3a84f9e38f"},
    {file = "Cython-3.0.0a9-cp35-cp35m-win32.whl", hash = "sha256:6337e187f20439ddeb0b80309d9ae31b9d7c501101781a5504fc744f2dbc20a8"},
    {file = "Cython-3.0.0a9-cp35-cp35m-win_amd64.whl", hash = "sha256:b3b4263e41c3006ad1a803c9e6d92782ea699f205923e77d21c2c3857f9d9201"},
    {file = "Cython-3.0.0a9-cp36-cp36m-macosx_10_9_x86_64.whl", hash = "sha256:91511474c9b4601ba96f8f8b9760a30d0fa998a4f4bfd59357276fc1c08904ed"},
    {file = "Cython-3.0.0a9-cp36-cp36m-manylinux1_i686.whl", hash = "sha256:c94161198402186f30e8b98cecf1968510632f72dbe41768aa3235d372786ee5"},
    {file = "Cython-3.0.0a9-cp36-cp36m-manylinux1_x86_64.whl", hash = "sha256:635012bfb82aa0e3694b1c22bf0c85b416acf83000b80d6c305205d06dc91f90"},
    {file = "Cython-3.0.0a9-cp36-cp36m-manylinux_2_17_aarch64.manylinux2014_aarch64.whl", hash = "sha256:bdee52750abd8dc1ca4afce798763ad3c955bd05d9855603d8abab552d807e2c"},
    {file = "Cython-3.0.0a9-cp36-cp36m-win32.whl", hash = "sha256:aa4e01e2ed8809c1c04032154aa3e3a03f6be5db9eb5edd30ee73cf23fcf50ca"},
    {file = "Cython-3.0.0a9-cp36-cp36m-win_amd64.whl", hash = "sha256:0460b40126103a49a84bf798d0faf9538f87f34dfc0cffce278678359b6db23f"},
    {file = "Cython-3.0.0a9-cp37-cp37m-macosx_10_9_x86_64.whl", hash = "sha256:10aca15d4b337c693fdcec319f7c71c75562e435d38f4fea11ab4e2b7a59448d"},
    {file = "Cython-3.0.0a9-cp37-cp37m-manylinux1_i686.whl", hash = "sha256:6a677135a33240abe9040f5dbc1c79e162583b7f5e24eb668882de9a771836eb"},
    {file = "Cython-3.0.0a9-cp37-cp37m-manylinux1_x86_64.whl", hash = "sha256:144380701f90833594a2e8d4e182dcfc1f90e125f2b8b1c50b4985fc9c3c234e"},
    {file = "Cython-3.0.0a9-cp37-cp37m-manylinux_2_17_aarch64.manylinux2014_aarch64.whl", hash = "sha256:30903eb8a52c7ecaf3144c692372b5bab838a65941c520931c319c453dc0f802"},
    {file = "Cython-3.0.0a9-cp37-cp37m-win32.whl", hash = "sha256:1d84cca12ff2739ae6d788698de4e1b17e8fe6ffea637e6167cc59825e76aae6"},
    {file = "Cython-3.0.0a9-cp37-cp37m-win_amd64.whl", hash = "sha256:6e3a018fe09962c48415f1a713a3ae10a7b44d33bdbc9b09a831ef9d15ec745a"},
    {file = "Cython-3.0.0a9-cp38-cp38-macosx_10_9_x86_64.whl", hash = "sha256:c425761ec961eba76935dfc1ba782919b975d6430018dfcbf7e44838e61eb1f5"},
    {file = "Cython-3.0.0a9-cp38-cp38-manylinux1_i686.whl", hash = "sha256:ff5c291b9ee97737476548c7be02bab39103b996bab96b5314edd347e1689534"},
    {file = "Cython-3.0.0a9-cp38-cp38-manylinux1_x86_64.whl", hash = "sha256:1c58c7154142c9ad084f6677427dd6dc063c49425229422642736a5312e0b6bb"},
    {file = "Cython-3.0.0a9-cp38-cp38-manylinux_2_17_aarch64.manylinux2014_aarch64.whl", hash = "sha256:d275b779510e0b9f48f39e8034b90e58bb1d747b1c9d2e020b5f3255855895f4"},
    {file = "Cython-3.0.0a9-cp38-cp38-win32.whl", hash = "sha256:6ba0384f8df54662d665bf03ce463c187393b1841948668850f73f033b0c8c3f"},
    {file = "Cython-3.0.0a9-cp38-cp38-win_amd64.whl", hash = "sha256:f57234e41735521fe406e4f0f944b15dfe66a3ba7e4aaafd7e2ee05aa32b8277"},
    {file = "Cython-3.0.0a9-cp39-cp39-macosx_10_9_x86_64.whl", hash = "sha256:5c27a73c0419a34059e329f9ae8579d00b6b0d5b7c6dfc7a9a32a2fe882bfb1b"},
    {file = "Cython-3.0.0a9-cp39-cp39-manylinux1_i686.whl", hash = "sha256:48279cca752a28e942339dc7810307c30accca194d32ee08f6cb9a1f7ac1e192"},
    {file = "Cython-3.0.0a9-cp39-cp39-manylinux1_x86_64.whl", hash = "sha256:649e3b4667b509d1ef1916806f2a48b0db0542c2693c8cb81b191ff112f9f028"},
    {file = "Cython-3.0.0a9-cp39-cp39-manylinux_2_17_aarch64.manylinux2014_aarch64.whl", hash = "sha256:068661d9df2d3db08ab4799b8a3314c67e6ce7e8d06640bf70aac09feb145f54"},
    {file = "Cython-3.0.0a9-cp39-cp39-win32.whl", hash = "sha256:880abf2abf11331d12f73063e1443dd78b27e1d7eb80bb1db3a6175ea041f034"},
    {file = "Cython-3.0.0a9-cp39-cp39-win_amd64.whl", hash = "sha256:07412b12a9adc5caebfd07c2b6fcaf4d8ea8db680cfb52a2d8f0be482955ed5b"},
    {file = "Cython-3.0.0a9-py2.py3-none-any.whl", hash = "sha256:d5a17108c5d765bacb7a7c16d339172e38379023746bb9126b9912086e7487e4"},
    {file = "Cython-3.0.0a9.tar.gz", hash = "sha256:23931c45877432097cef9de2db2dc66322cbc4fc3ebbb42c476bb2c768cecff0"},
]
