[[package]]
name = "attrs"
version = "22.1.0"
description = "Classes Without Boilerplate"
category = "dev"
optional = false
python-versions = ">=3.5"

[package.extras]
dev = ["cloudpickle", "coverage[toml] (>=5.0.2)", "furo", "hypothesis", "mypy (>=0.900,!=0.940)", "pre-commit", "pympler", "pytest (>=4.3.0)", "pytest-mypy-plugins", "sphinx", "sphinx-notfound-page", "zope.interface"]
docs = ["furo", "sphinx", "sphinx-notfound-page", "zope.interface"]
tests = ["cloudpickle", "coverage[toml] (>=5.0.2)", "hypothesis", "mypy (>=0.900,!=0.940)", "pympler", "pytest (>=4.3.0)", "pytest-mypy-plugins", "zope.interface"]
tests-no-zope = ["cloudpickle", "coverage[toml] (>=5.0.2)", "hypothesis", "mypy (>=0.900,!=0.940)", "pympler", "pytest (>=4.3.0)", "pytest-mypy-plugins"]

[[package]]
name = "colorama"
version = "0.4.6"
description = "Cross-platform colored terminal text."
category = "dev"
optional = false
python-versions = "!=3.0.*,!=3.1.*,!=3.2.*,!=3.3.*,!=3.4.*,!=3.5.*,!=3.6.*,>=2.7"

[[package]]
name = "cython"
version = "3.0.0a11"
description = "The Cython compiler for writing C extensions in the Python language."
category = "main"
optional = false
python-versions = ">=2.7, !=3.0.*, !=3.1.*, !=3.2.*, !=3.3.*"

[[package]]
name = "exceptiongroup"
version = "1.0.0rc9"
description = "Backport of PEP 654 (exception groups)"
category = "dev"
optional = false
python-versions = ">=3.7"

[package.extras]
test = ["pytest (>=6)"]

[[package]]
name = "iniconfig"
version = "1.1.1"
description = "iniconfig: brain-dead simple config-ini parsing"
category = "dev"
optional = false
python-versions = "*"

[[package]]
name = "packaging"
version = "21.3"
description = "Core utilities for Python packages"
category = "dev"
optional = false
python-versions = ">=3.6"

[package.dependencies]
pyparsing = ">=2.0.2,<3.0.5 || >3.0.5"

[[package]]
name = "pluggy"
version = "1.0.0"
description = "plugin and hook calling mechanisms for python"
category = "dev"
optional = false
python-versions = ">=3.6"

[package.extras]
dev = ["pre-commit", "tox"]
testing = ["pytest", "pytest-benchmark"]

[[package]]
name = "pyparsing"
version = "3.0.9"
description = "pyparsing module - Classes and methods to define and execute parsing grammars"
category = "dev"
optional = false
python-versions = ">=3.6.8"

[package.extras]
diagrams = ["jinja2", "railroad-diagrams"]

[[package]]
name = "pytest"
version = "7.2.0"
description = "pytest: simple powerful testing with Python"
category = "dev"
optional = false
python-versions = ">=3.7"

[package.dependencies]
attrs = ">=19.2.0"
colorama = {version = "*", markers = "sys_platform == \"win32\""}
exceptiongroup = {version = ">=1.0.0rc8", markers = "python_version < \"3.11\""}
iniconfig = "*"
packaging = "*"
pluggy = ">=0.12,<2.0"
tomli = {version = ">=1.0.0", markers = "python_version < \"3.11\""}

[package.extras]
testing = ["argcomplete", "hypothesis (>=3.56)", "mock", "nose", "pygments (>=2.7.2)", "requests", "xmlschema"]

[[package]]
name = "tomli"
version = "2.0.1"
description = "A lil' TOML parser"
category = "dev"
optional = false
python-versions = ">=3.7"

[metadata]
lock-version = "1.1"
python-versions = ">=3.9,<3.11"
content-hash = "8ed691d6028ab2307a5e209f45da17da74a6a1dc72d4499a1c8b64309c109a85"

[metadata.files]
attrs = [
    {file = "attrs-22.1.0-py2.py3-none-any.whl", hash = "sha256:86efa402f67bf2df34f51a335487cf46b1ec130d02b8d39fd248abfd30da551c"},
    {file = "attrs-22.1.0.tar.gz", hash = "sha256:29adc2665447e5191d0e7c568fde78b21f9672d344281d0c6e1ab085429b22b6"},
]
colorama = [
    {file = "colorama-0.4.6-py2.py3-none-any.whl", hash = "sha256:4f1d9991f5acc0ca119f9d443620b77f9d6b33703e51011c16baf57afb285fc6"},
    {file = "colorama-0.4.6.tar.gz", hash = "sha256:08695f5cb7ed6e0531a20572697297273c47b8cae5a63ffc6d6ed5c201be6e44"},
]
cython = [
    {file = "Cython-3.0.0a11-cp310-cp310-manylinux_2_17_aarch64.manylinux2014_aarch64.manylinux_2_24_aarch64.whl", hash = "sha256:9299166daf8ec779077dba2c155fdd28403bf0a369d19bd2c101891fc925a2cf"},
    {file = "Cython-3.0.0a11-cp310-cp310-manylinux_2_17_aarch64.manylinux2014_aarch64.manylinux_2_28_aarch64.whl", hash = "sha256:363856a864ada94f91bfdf027b8d7a9f607c97f4f274b462109249b4887a0d66"},
    {file = "Cython-3.0.0a11-cp310-cp310-manylinux_2_17_x86_64.manylinux2014_x86_64.manylinux_2_24_x86_64.whl", hash = "sha256:35b37481e2be23dbcc93b9d3574aa1463890d67232b3dfcdd67c15b39631a327"},
    {file = "Cython-3.0.0a11-cp310-cp310-manylinux_2_17_x86_64.manylinux2014_x86_64.manylinux_2_28_x86_64.whl", hash = "sha256:52520b672a893d24ac4e1beb47a90b26938d0f0a81736d219b7a287f76845400"},
    {file = "Cython-3.0.0a11-cp310-cp310-manylinux_2_5_i686.manylinux1_i686.manylinux_2_24_i686.whl", hash = "sha256:1e788a81dbf6aedf11e9b6d67dd160a59b349c70c5ca43ec10671c4d65ac9cb2"},
    {file = "Cython-3.0.0a11-cp310-cp310-musllinux_1_1_aarch64.whl", hash = "sha256:f80f7743775a4704b1b3fbf1b67ca40f125760b33c7e1296f3825cd2ecaec0bf"},
    {file = "Cython-3.0.0a11-cp310-cp310-musllinux_1_1_x86_64.whl", hash = "sha256:22fbb47470a60db656fee7a209d5c325de42efe9d5bc9d956654110bb3b2a48e"},
    {file = "Cython-3.0.0a11-cp311-cp311-manylinux_2_17_aarch64.manylinux2014_aarch64.manylinux_2_24_aarch64.whl", hash = "sha256:ef8c4101593b85892140806980df9fa38f4676aa7a46072e58f1b099cb4ece8e"},
    {file = "Cython-3.0.0a11-cp311-cp311-manylinux_2_17_aarch64.manylinux2014_aarch64.manylinux_2_28_aarch64.whl", hash = "sha256:89617c03f6f1516ce3a90c6fc51da5f96b2f7a0e693ff0868d7fb633b888c274"},
    {file = "Cython-3.0.0a11-cp311-cp311-manylinux_2_17_x86_64.manylinux2014_x86_64.manylinux_2_24_x86_64.whl", hash = "sha256:191482c94a24d922082b93ea0f8a52bd2e90f573326302685eb0bd24ebddae68"},
    {file = "Cython-3.0.0a11-cp311-cp311-manylinux_2_17_x86_64.manylinux2014_x86_64.manylinux_2_28_x86_64.whl", hash = "sha256:35ea5f761819d4123840656355617f9f0d50c71ca004a09075a574d480c6a942"},
    {file = "Cython-3.0.0a11-cp311-cp311-manylinux_2_5_i686.manylinux1_i686.manylinux_2_24_i686.whl", hash = "sha256:6458695463db34f26c7fead8a1c0439898fc7c401fa959ac2490c6e0677b80f7"},
    {file = "Cython-3.0.0a11-cp311-cp311-musllinux_1_1_aarch64.whl", hash = "sha256:6421b82a8c305392e2eae85bc08920670f59f26a64a6c147c384f8d7f283f838"},
    {file = "Cython-3.0.0a11-cp311-cp311-musllinux_1_1_x86_64.whl", hash = "sha256:07a7157a5f76d0c5e624c6e5f6276a70216c89c47436f8fae2c37ec0c9042484"},
    {file = "Cython-3.0.0a11-cp37-cp37m-manylinux_2_17_aarch64.manylinux2014_aarch64.manylinux_2_24_aarch64.whl", hash = "sha256:242047ce0151fe581b8be25845777c9547de4c82082aadbaabbe10c691b7c802"},
    {file = "Cython-3.0.0a11-cp37-cp37m-manylinux_2_17_aarch64.manylinux2014_aarch64.manylinux_2_28_aarch64.whl", hash = "sha256:375c351c8488d6de2bbb89939ddb3fc377e3fbfc38cc6fd6d4941a18741c8036"},
    {file = "Cython-3.0.0a11-cp37-cp37m-manylinux_2_17_x86_64.manylinux2014_x86_64.manylinux_2_24_x86_64.whl", hash = "sha256:7e8a25c37fc844caba2102675714b77ea7bbabddd714c76d4ed146f2e91544bf"},
    {file = "Cython-3.0.0a11-cp37-cp37m-manylinux_2_17_x86_64.manylinux2014_x86_64.manylinux_2_28_x86_64.whl", hash = "sha256:0c757c2d8177a25e2b53bbc6feac0d92e236f4f4c39d4c3f7cf62d172d25ea2d"},
    {file = "Cython-3.0.0a11-cp37-cp37m-manylinux_2_5_i686.manylinux1_i686.manylinux_2_24_i686.whl", hash = "sha256:a708cf45dd6184ea8fec884b498c420724291e1b8abd91c7ce9b8a7f37d5099f"},
    {file = "Cython-3.0.0a11-cp37-cp37m-musllinux_1_1_aarch64.whl", hash = "sha256:210a38dbe92c295bc074faf40734789d35b777713ea1a003e09130d8e36f2313"},
    {file = "Cython-3.0.0a11-cp37-cp37m-musllinux_1_1_x86_64.whl", hash = "sha256:14b6e5314a2d639eae9f343c92610a2bf9bae73a97593d5b4bce09bcab22bceb"},
    {file = "Cython-3.0.0a11-cp38-cp38-manylinux_2_17_aarch64.manylinux2014_aarch64.manylinux_2_24_aarch64.whl", hash = "sha256:c06f1f652bbb796513e8a3b447bbfb7580692e8d18f72cdff5fa739defe993fb"},
    {file = "Cython-3.0.0a11-cp38-cp38-manylinux_2_17_aarch64.manylinux2014_aarch64.manylinux_2_28_aarch64.whl", hash = "sha256:1c02313dc6b5fbdeb4287a14689ba38e228f70bb9b65805a5ab57c4d3bf63ad7"},
    {file = "Cython-3.0.0a11-cp38-cp38-manylinux_2_17_x86_64.manylinux2014_x86_64.manylinux_2_24_x86_64.whl", hash = "sha256:54e99710b2201d137f4b9a349f4ade0c85a4ed8ee78146c0693e17ddc34b829a"},
    {file = "Cython-3.0.0a11-cp38-cp38-manylinux_2_17_x86_64.manylinux2014_x86_64.manylinux_2_28_x86_64.whl", hash = "sha256:0a895430af454f098825ed0deb54432c90f2bd5371519c6e0eeb5a0770206021"},
    {file = "Cython-3.0.0a11-cp38-cp38-manylinux_2_5_i686.manylinux1_i686.manylinux_2_24_i686.whl", hash = "sha256:bc856c9389d4433d365f1c02b9861510ddce61faa4df1cd0d17960c59e77eb43"},
    {file = "Cython-3.0.0a11-cp38-cp38-musllinux_1_1_aarch64.whl", hash = "sha256:89d6e70b96d567cdfea102b71c3749d60ce87e8ebb8199aa244c1e40f48bfd8c"},
    {file = "Cython-3.0.0a11-cp38-cp38-musllinux_1_1_x86_64.whl", hash = "sha256:a487c27e8c198520daec405d7a46ade2fb73307e9e588a864a6a94c41cbf68e7"},
    {file = "Cython-3.0.0a11-cp39-cp39-manylinux_2_17_aarch64.manylinux2014_aarch64.manylinux_2_24_aarch64.whl", hash = "sha256:501e4e86c68bedfd62dcff31c351e71f95723edc611e100e76d19070569abe4e"},
    {file = "Cython-3.0.0a11-cp39-cp39-manylinux_2_17_aarch64.manylinux2014_aarch64.manylinux_2_28_aarch64.whl", hash = "sha256:bb67c94f81c8fe135b03fea25680944236e55d62673d2d236d1e6df7919c744f"},
    {file = "Cython-3.0.0a11-cp39-cp39-manylinux_2_17_x86_64.manylinux2014_x86_64.manylinux_2_24_x86_64.whl", hash = "sha256:aca2602c74572cd82d34d4897aca925323f46cfdc1f0463dcaa528ba948a82dc"},
    {file = "Cython-3.0.0a11-cp39-cp39-manylinux_2_17_x86_64.manylinux2014_x86_64.manylinux_2_28_x86_64.whl", hash = "sha256:67895d14d10f2846fcedff29090fcbf146146c7e1f36b2f88a533f03579d0ace"},
    {file = "Cython-3.0.0a11-cp39-cp39-manylinux_2_5_i686.manylinux1_i686.manylinux_2_24_i686.whl", hash = "sha256:b997abcc456e95fa8e44d8ba0bf051b54036c3bf211acfadda1dc883585ab2e7"},
    {file = "Cython-3.0.0a11-cp39-cp39-musllinux_1_1_aarch64.whl", hash = "sha256:b467d3c90ea68691ab89e45c21e2553933cae143bfb8de381517746cafb8b485"},
    {file = "Cython-3.0.0a11-cp39-cp39-musllinux_1_1_x86_64.whl", hash = "sha256:2a84f68960ae42fcd8399263fd813178bff6b2b2b8327d1fb71e02c5bbb7d73f"},
    {file = "Cython-3.0.0a11-py2.py3-none-any.whl", hash = "sha256:939d5d252b242445933c078f3e6a7661436574d6eb50fca08842eedc7167eefe"},
    {file = "Cython-3.0.0a11.tar.gz", hash = "sha256:e4672491fb31546b9abb63677f638e738085dc9321398170956ef6fbfc0e1726"},
]
exceptiongroup = [
    {file = "exceptiongroup-1.0.0rc9-py3-none-any.whl", hash = "sha256:2e3c3fc1538a094aab74fad52d6c33fc94de3dfee3ee01f187c0e0c72aec5337"},
    {file = "exceptiongroup-1.0.0rc9.tar.gz", hash = "sha256:9086a4a21ef9b31c72181c77c040a074ba0889ee56a7b289ff0afb0d97655f96"},
]
iniconfig = [
    {file = "iniconfig-1.1.1-py2.py3-none-any.whl", hash = "sha256:011e24c64b7f47f6ebd835bb12a743f2fbe9a26d4cecaa7f53bc4f35ee9da8b3"},
    {file = "iniconfig-1.1.1.tar.gz", hash = "sha256:bc3af051d7d14b2ee5ef9969666def0cd1a000e121eaea580d4a313df4b37f32"},
]
packaging = [
    {file = "packaging-21.3-py3-none-any.whl", hash = "sha256:ef103e05f519cdc783ae24ea4e2e0f508a9c99b2d4969652eed6a2e1ea5bd522"},
    {file = "packaging-21.3.tar.gz", hash = "sha256:dd47c42927d89ab911e606518907cc2d3a1f38bbd026385970643f9c5b8ecfeb"},
]
pluggy = [
    {file = "pluggy-1.0.0-py2.py3-none-any.whl", hash = "sha256:74134bbf457f031a36d68416e1509f34bd5ccc019f0bcc952c7b909d06b37bd3"},
    {file = "pluggy-1.0.0.tar.gz", hash = "sha256:4224373bacce55f955a878bf9cfa763c1e360858e330072059e10bad68531159"},
]
pyparsing = [
    {file = "pyparsing-3.0.9-py3-none-any.whl", hash = "sha256:5026bae9a10eeaefb61dab2f09052b9f4307d44aee4eda64b309723d8d206bbc"},
    {file = "pyparsing-3.0.9.tar.gz", hash = "sha256:2b020ecf7d21b687f219b71ecad3631f644a47f01403fa1d1036b0c6416d70fb"},
]
pytest = [
    {file = "pytest-7.2.0-py3-none-any.whl", hash = "sha256:892f933d339f068883b6fd5a459f03d85bfcb355e4981e146d2c7616c21fef71"},
    {file = "pytest-7.2.0.tar.gz", hash = "sha256:c4014eb40e10f11f355ad4e3c2fb2c6c6d1919c73f3b5a433de4708202cade59"},
]
tomli = [
    {file = "tomli-2.0.1-py3-none-any.whl", hash = "sha256:939de3e7a6161af0c887ef91b7d41a53e7c5a1ca976325f429cb46ea9bc30ecc"},
    {file = "tomli-2.0.1.tar.gz", hash = "sha256:de526c12914f0c550d15924c62d72abc48d6fe7364aa87328337a31007fe8a4f"},
]
